// !$*UTF8*$!
{
	archiveVersion = 1;
	classes = {
	};
	objectVersion = 56;
	objects = {

/* Begin PBXBuildFile section */
		29182D4B2AB062BA00D94FE8 /* HTTPClient.swift in Sources */ = {isa = PBXBuildFile; fileRef = 29182D4A2AB062BA00D94FE8 /* HTTPClient.swift */; };
		29182D4D2AB06C2B00D94FE8 /* MeteoEndpoint.swift in Sources */ = {isa = PBXBuildFile; fileRef = 29182D4C2AB06C2B00D94FE8 /* MeteoEndpoint.swift */; };
		29182D4F2AB06D5300D94FE8 /* MeteoLoader.swift in Sources */ = {isa = PBXBuildFile; fileRef = 29182D4E2AB06D5300D94FE8 /* MeteoLoader.swift */; };
		292D22822ABAF497002542E0 /* TranslateModel.swift in Sources */ = {isa = PBXBuildFile; fileRef = 292D22812ABAF497002542E0 /* TranslateModel.swift */; };
		292D22842ABAF54E002542E0 /* TranslateLoader.swift in Sources */ = {isa = PBXBuildFile; fileRef = 292D22832ABAF54E002542E0 /* TranslateLoader.swift */; };
		292D22882ABC330E002542E0 /* TranslateController.swift in Sources */ = {isa = PBXBuildFile; fileRef = 292D22872ABC330E002542E0 /* TranslateController.swift */; };
		292D228A2ABD86D9002542E0 /* TranslateEndpoint.swift in Sources */ = {isa = PBXBuildFile; fileRef = 292D22892ABD86D9002542E0 /* TranslateEndpoint.swift */; };
		292D22942ACAB313002542E0 /* HTTPCLientTests.swift in Sources */ = {isa = PBXBuildFile; fileRef = 292D22932ACAB313002542E0 /* HTTPCLientTests.swift */; };
		292D229B2ACBFBB2002542E0 /* URLProtocolStub.swift in Sources */ = {isa = PBXBuildFile; fileRef = 292D229A2ACBFBB2002542E0 /* URLProtocolStub.swift */; };
		2995FA262AA763C20078D598 /* AppDelegate.swift in Sources */ = {isa = PBXBuildFile; fileRef = 2995FA252AA763C20078D598 /* AppDelegate.swift */; };
		2995FA282AA763C20078D598 /* SceneDelegate.swift in Sources */ = {isa = PBXBuildFile; fileRef = 2995FA272AA763C20078D598 /* SceneDelegate.swift */; };
		2995FA2A2AA763C20078D598 /* WeatherController.swift in Sources */ = {isa = PBXBuildFile; fileRef = 2995FA292AA763C20078D598 /* WeatherController.swift */; };
		2995FA2D2AA763C20078D598 /* Main.storyboard in Resources */ = {isa = PBXBuildFile; fileRef = 2995FA2B2AA763C20078D598 /* Main.storyboard */; };
		2995FA2F2AA763C30078D598 /* Assets.xcassets in Resources */ = {isa = PBXBuildFile; fileRef = 2995FA2E2AA763C30078D598 /* Assets.xcassets */; };
		2995FA322AA763C30078D598 /* LaunchScreen.storyboard in Resources */ = {isa = PBXBuildFile; fileRef = 2995FA302AA763C30078D598 /* LaunchScreen.storyboard */; };
		2995FA3E2AAB1B180078D598 /* MeteoModel.swift in Sources */ = {isa = PBXBuildFile; fileRef = 2995FA3D2AAB1B180078D598 /* MeteoModel.swift */; };
		2995FA402AAB1F690078D598 /* APIError.swift in Sources */ = {isa = PBXBuildFile; fileRef = 2995FA3F2AAB1F690078D598 /* APIError.swift */; };
		29A52FF12ACD5AB5006FD63A /* ChangeRateLoader.swift in Sources */ = {isa = PBXBuildFile; fileRef = 29A52FF02ACD5AB5006FD63A /* ChangeRateLoader.swift */; };
		29A52FF32ACD5AE5006FD63A /* ChangeRateModel.swift in Sources */ = {isa = PBXBuildFile; fileRef = 29A52FF22ACD5AE5006FD63A /* ChangeRateModel.swift */; };
		29A52FF52ACD6105006FD63A /* ChangeRateEndpoint.swift in Sources */ = {isa = PBXBuildFile; fileRef = 29A52FF42ACD6105006FD63A /* ChangeRateEndpoint.swift */; };
		29A52FF72ACD653B006FD63A /* ChangeRateController.swift in Sources */ = {isa = PBXBuildFile; fileRef = 29A52FF62ACD653B006FD63A /* ChangeRateController.swift */; };
		29A910B52AD6DA1D00CD75FE /* DataSymbols.swift in Sources */ = {isa = PBXBuildFile; fileRef = 29A910B42AD6DA1D00CD75FE /* DataSymbols.swift */; };
/* End PBXBuildFile section */

/* Begin PBXContainerItemProxy section */
		292D22952ACAB313002542E0 /* PBXContainerItemProxy */ = {
			isa = PBXContainerItemProxy;
			containerPortal = 2995FA1A2AA763C20078D598 /* Project object */;
			proxyType = 1;
			remoteGlobalIDString = 2995FA212AA763C20078D598;
			remoteInfo = LeBaluchon;
		};
/* End PBXContainerItemProxy section */

/* Begin PBXFileReference section */
		29182D4A2AB062BA00D94FE8 /* HTTPClient.swift */ = {isa = PBXFileReference; lastKnownFileType = sourcecode.swift; path = HTTPClient.swift; sourceTree = "<group>"; };
		29182D4C2AB06C2B00D94FE8 /* MeteoEndpoint.swift */ = {isa = PBXFileReference; lastKnownFileType = sourcecode.swift; path = MeteoEndpoint.swift; sourceTree = "<group>"; };
		29182D4E2AB06D5300D94FE8 /* MeteoLoader.swift */ = {isa = PBXFileReference; lastKnownFileType = sourcecode.swift; path = MeteoLoader.swift; sourceTree = "<group>"; };
		292D22812ABAF497002542E0 /* TranslateModel.swift */ = {isa = PBXFileReference; lastKnownFileType = sourcecode.swift; path = TranslateModel.swift; sourceTree = "<group>"; };
		292D22832ABAF54E002542E0 /* TranslateLoader.swift */ = {isa = PBXFileReference; lastKnownFileType = sourcecode.swift; path = TranslateLoader.swift; sourceTree = "<group>"; };
		292D22872ABC330E002542E0 /* TranslateController.swift */ = {isa = PBXFileReference; lastKnownFileType = sourcecode.swift; path = TranslateController.swift; sourceTree = "<group>"; };
		292D22892ABD86D9002542E0 /* TranslateEndpoint.swift */ = {isa = PBXFileReference; lastKnownFileType = sourcecode.swift; path = TranslateEndpoint.swift; sourceTree = "<group>"; };
		292D22912ACAB313002542E0 /* LeBaluchonTests.xctest */ = {isa = PBXFileReference; explicitFileType = wrapper.cfbundle; includeInIndex = 0; path = LeBaluchonTests.xctest; sourceTree = BUILT_PRODUCTS_DIR; };
		292D22932ACAB313002542E0 /* HTTPCLientTests.swift */ = {isa = PBXFileReference; lastKnownFileType = sourcecode.swift; path = HTTPCLientTests.swift; sourceTree = "<group>"; };
		292D229A2ACBFBB2002542E0 /* URLProtocolStub.swift */ = {isa = PBXFileReference; lastKnownFileType = sourcecode.swift; path = URLProtocolStub.swift; sourceTree = "<group>"; };
		292D229C2ACC095A002542E0 /* LeBaluchon.xctestplan */ = {isa = PBXFileReference; lastKnownFileType = text; path = LeBaluchon.xctestplan; sourceTree = "<group>"; };
		2995FA222AA763C20078D598 /* LeBaluchon.app */ = {isa = PBXFileReference; explicitFileType = wrapper.application; includeInIndex = 0; path = LeBaluchon.app; sourceTree = BUILT_PRODUCTS_DIR; };
		2995FA252AA763C20078D598 /* AppDelegate.swift */ = {isa = PBXFileReference; lastKnownFileType = sourcecode.swift; path = AppDelegate.swift; sourceTree = "<group>"; };
		2995FA272AA763C20078D598 /* SceneDelegate.swift */ = {isa = PBXFileReference; lastKnownFileType = sourcecode.swift; path = SceneDelegate.swift; sourceTree = "<group>"; };
		2995FA292AA763C20078D598 /* WeatherController.swift */ = {isa = PBXFileReference; lastKnownFileType = sourcecode.swift; path = WeatherController.swift; sourceTree = "<group>"; };
		2995FA2C2AA763C20078D598 /* Base */ = {isa = PBXFileReference; lastKnownFileType = file.storyboard; name = Base; path = Base.lproj/Main.storyboard; sourceTree = "<group>"; };
		2995FA2E2AA763C30078D598 /* Assets.xcassets */ = {isa = PBXFileReference; lastKnownFileType = folder.assetcatalog; path = Assets.xcassets; sourceTree = "<group>"; };
		2995FA312AA763C30078D598 /* Base */ = {isa = PBXFileReference; lastKnownFileType = file.storyboard; name = Base; path = Base.lproj/LaunchScreen.storyboard; sourceTree = "<group>"; };
		2995FA332AA763C30078D598 /* Info.plist */ = {isa = PBXFileReference; lastKnownFileType = text.plist.xml; path = Info.plist; sourceTree = "<group>"; };
		2995FA3D2AAB1B180078D598 /* MeteoModel.swift */ = {isa = PBXFileReference; lastKnownFileType = sourcecode.swift; path = MeteoModel.swift; sourceTree = "<group>"; };
		2995FA3F2AAB1F690078D598 /* APIError.swift */ = {isa = PBXFileReference; lastKnownFileType = sourcecode.swift; path = APIError.swift; sourceTree = "<group>"; };
		29A52FF02ACD5AB5006FD63A /* ChangeRateLoader.swift */ = {isa = PBXFileReference; lastKnownFileType = sourcecode.swift; path = ChangeRateLoader.swift; sourceTree = "<group>"; };
		29A52FF22ACD5AE5006FD63A /* ChangeRateModel.swift */ = {isa = PBXFileReference; lastKnownFileType = sourcecode.swift; path = ChangeRateModel.swift; sourceTree = "<group>"; };
		29A52FF42ACD6105006FD63A /* ChangeRateEndpoint.swift */ = {isa = PBXFileReference; lastKnownFileType = sourcecode.swift; path = ChangeRateEndpoint.swift; sourceTree = "<group>"; };
		29A52FF62ACD653B006FD63A /* ChangeRateController.swift */ = {isa = PBXFileReference; lastKnownFileType = sourcecode.swift; path = ChangeRateController.swift; sourceTree = "<group>"; };
		29A910B42AD6DA1D00CD75FE /* DataSymbols.swift */ = {isa = PBXFileReference; lastKnownFileType = sourcecode.swift; path = DataSymbols.swift; sourceTree = "<group>"; };
/* End PBXFileReference section */

/* Begin PBXFrameworksBuildPhase section */
		292D228E2ACAB313002542E0 /* Frameworks */ = {
			isa = PBXFrameworksBuildPhase;
			buildActionMask = 2147483647;
			files = (
			);
			runOnlyForDeploymentPostprocessing = 0;
		};
		2995FA1F2AA763C20078D598 /* Frameworks */ = {
			isa = PBXFrameworksBuildPhase;
			buildActionMask = 2147483647;
			files = (
			);
			runOnlyForDeploymentPostprocessing = 0;
		};
/* End PBXFrameworksBuildPhase section */

/* Begin PBXGroup section */
		292D227F2ABAEE38002542E0 /* Weather */ = {
			isa = PBXGroup;
			children = (
				29182D4E2AB06D5300D94FE8 /* MeteoLoader.swift */,
				2995FA3D2AAB1B180078D598 /* MeteoModel.swift */,
				29182D4C2AB06C2B00D94FE8 /* MeteoEndpoint.swift */,
			);
			path = Weather;
			sourceTree = "<group>";
		};
		292D22802ABAF47F002542E0 /* Translate */ = {
			isa = PBXGroup;
			children = (
				292D22812ABAF497002542E0 /* TranslateModel.swift */,
				292D22832ABAF54E002542E0 /* TranslateLoader.swift */,
				292D22892ABD86D9002542E0 /* TranslateEndpoint.swift */,
			);
			path = Translate;
			sourceTree = "<group>";
		};
		292D22922ACAB313002542E0 /* LeBaluchonTests */ = {
			isa = PBXGroup;
			children = (
				292D22932ACAB313002542E0 /* HTTPCLientTests.swift */,
				292D229A2ACBFBB2002542E0 /* URLProtocolStub.swift */,
			);
			path = LeBaluchonTests;
			sourceTree = "<group>";
		};
		2995FA192AA763C20078D598 = {
			isa = PBXGroup;
			children = (
				2995FA242AA763C20078D598 /* LeBaluchon */,
				292D22922ACAB313002542E0 /* LeBaluchonTests */,
				2995FA232AA763C20078D598 /* Products */,
			);
			sourceTree = "<group>";
		};
		2995FA232AA763C20078D598 /* Products */ = {
			isa = PBXGroup;
			children = (
				2995FA222AA763C20078D598 /* LeBaluchon.app */,
				292D22912ACAB313002542E0 /* LeBaluchonTests.xctest */,
			);
			name = Products;
			sourceTree = "<group>";
		};
		2995FA242AA763C20078D598 /* LeBaluchon */ = {
			isa = PBXGroup;
			children = (
				292D229C2ACC095A002542E0 /* LeBaluchon.xctestplan */,
				2995FA3C2AAB1AF50078D598 /* Model */,
				2995FA3A2AA763E10078D598 /* Controller */,
				2995FA392AA763D70078D598 /* View */,
				2995FA332AA763C30078D598 /* Info.plist */,
				2995FA3B2AAB1AE50078D598 /* AdditionnalFiles */,
			);
			path = LeBaluchon;
			sourceTree = "<group>";
		};
		2995FA392AA763D70078D598 /* View */ = {
			isa = PBXGroup;
			children = (
				2995FA2B2AA763C20078D598 /* Main.storyboard */,
				2995FA2E2AA763C30078D598 /* Assets.xcassets */,
				2995FA302AA763C30078D598 /* LaunchScreen.storyboard */,
			);
			path = View;
			sourceTree = "<group>";
		};
		2995FA3A2AA763E10078D598 /* Controller */ = {
			isa = PBXGroup;
			children = (
				2995FA292AA763C20078D598 /* WeatherController.swift */,
				292D22872ABC330E002542E0 /* TranslateController.swift */,
				29A52FF62ACD653B006FD63A /* ChangeRateController.swift */,
			);
			path = Controller;
			sourceTree = "<group>";
		};
		2995FA3B2AAB1AE50078D598 /* AdditionnalFiles */ = {
			isa = PBXGroup;
			children = (
				2995FA252AA763C20078D598 /* AppDelegate.swift */,
				2995FA272AA763C20078D598 /* SceneDelegate.swift */,
			);
			path = AdditionnalFiles;
			sourceTree = "<group>";
		};
		2995FA3C2AAB1AF50078D598 /* Model */ = {
			isa = PBXGroup;
			children = (
				29A52FEF2ACD5A9F006FD63A /* ChangeRate */,
				292D22802ABAF47F002542E0 /* Translate */,
				292D227F2ABAEE38002542E0 /* Weather */,
				29182D4A2AB062BA00D94FE8 /* HTTPClient.swift */,
				2995FA3F2AAB1F690078D598 /* APIError.swift */,
			);
			path = Model;
			sourceTree = "<group>";
		};
		29A52FEF2ACD5A9F006FD63A /* ChangeRate */ = {
			isa = PBXGroup;
			children = (
				29A52FF02ACD5AB5006FD63A /* ChangeRateLoader.swift */,
				29A52FF22ACD5AE5006FD63A /* ChangeRateModel.swift */,
				29A52FF42ACD6105006FD63A /* ChangeRateEndpoint.swift */,
				29A910B42AD6DA1D00CD75FE /* DataSymbols.swift */,
			);
			path = ChangeRate;
			sourceTree = "<group>";
		};
/* End PBXGroup section */

/* Begin PBXNativeTarget section */
		292D22902ACAB313002542E0 /* LeBaluchonTests */ = {
			isa = PBXNativeTarget;
			buildConfigurationList = 292D22972ACAB313002542E0 /* Build configuration list for PBXNativeTarget "LeBaluchonTests" */;
			buildPhases = (
				292D228D2ACAB313002542E0 /* Sources */,
				292D228E2ACAB313002542E0 /* Frameworks */,
				292D228F2ACAB313002542E0 /* Resources */,
			);
			buildRules = (
			);
			dependencies = (
				292D22962ACAB313002542E0 /* PBXTargetDependency */,
			);
			name = LeBaluchonTests;
			productName = LeBaluchonTests;
			productReference = 292D22912ACAB313002542E0 /* LeBaluchonTests.xctest */;
			productType = "com.apple.product-type.bundle.unit-test";
		};
		2995FA212AA763C20078D598 /* LeBaluchon */ = {
			isa = PBXNativeTarget;
			buildConfigurationList = 2995FA362AA763C30078D598 /* Build configuration list for PBXNativeTarget "LeBaluchon" */;
			buildPhases = (
				2995FA1E2AA763C20078D598 /* Sources */,
				2995FA1F2AA763C20078D598 /* Frameworks */,
				2995FA202AA763C20078D598 /* Resources */,
			);
			buildRules = (
			);
			dependencies = (
			);
			name = LeBaluchon;
			productName = LeBaluchon;
			productReference = 2995FA222AA763C20078D598 /* LeBaluchon.app */;
			productType = "com.apple.product-type.application";
		};
/* End PBXNativeTarget section */

/* Begin PBXProject section */
		2995FA1A2AA763C20078D598 /* Project object */ = {
			isa = PBXProject;
			attributes = {
				BuildIndependentTargetsInParallel = 1;
				LastSwiftUpdateCheck = 1430;
				LastUpgradeCheck = 1430;
				TargetAttributes = {
					292D22902ACAB313002542E0 = {
						CreatedOnToolsVersion = 14.3;
						TestTargetID = 2995FA212AA763C20078D598;
					};
					2995FA212AA763C20078D598 = {
						CreatedOnToolsVersion = 14.3;
					};
				};
			};
			buildConfigurationList = 2995FA1D2AA763C20078D598 /* Build configuration list for PBXProject "LeBaluchon" */;
			compatibilityVersion = "Xcode 14.0";
			developmentRegion = en;
			hasScannedForEncodings = 0;
			knownRegions = (
				en,
				Base,
			);
			mainGroup = 2995FA192AA763C20078D598;
			productRefGroup = 2995FA232AA763C20078D598 /* Products */;
			projectDirPath = "";
			projectRoot = "";
			targets = (
				2995FA212AA763C20078D598 /* LeBaluchon */,
				292D22902ACAB313002542E0 /* LeBaluchonTests */,
			);
		};
/* End PBXProject section */

/* Begin PBXResourcesBuildPhase section */
		292D228F2ACAB313002542E0 /* Resources */ = {
			isa = PBXResourcesBuildPhase;
			buildActionMask = 2147483647;
			files = (
			);
			runOnlyForDeploymentPostprocessing = 0;
		};
		2995FA202AA763C20078D598 /* Resources */ = {
			isa = PBXResourcesBuildPhase;
			buildActionMask = 2147483647;
			files = (
				2995FA322AA763C30078D598 /* LaunchScreen.storyboard in Resources */,
				2995FA2F2AA763C30078D598 /* Assets.xcassets in Resources */,
				2995FA2D2AA763C20078D598 /* Main.storyboard in Resources */,
			);
			runOnlyForDeploymentPostprocessing = 0;
		};
/* End PBXResourcesBuildPhase section */

/* Begin PBXSourcesBuildPhase section */
		292D228D2ACAB313002542E0 /* Sources */ = {
			isa = PBXSourcesBuildPhase;
			buildActionMask = 2147483647;
			files = (
				292D22942ACAB313002542E0 /* HTTPCLientTests.swift in Sources */,
				292D229B2ACBFBB2002542E0 /* URLProtocolStub.swift in Sources */,
			);
			runOnlyForDeploymentPostprocessing = 0;
		};
		2995FA1E2AA763C20078D598 /* Sources */ = {
			isa = PBXSourcesBuildPhase;
			buildActionMask = 2147483647;
			files = (
				2995FA2A2AA763C20078D598 /* WeatherController.swift in Sources */,
				292D228A2ABD86D9002542E0 /* TranslateEndpoint.swift in Sources */,
				292D22842ABAF54E002542E0 /* TranslateLoader.swift in Sources */,
				2995FA262AA763C20078D598 /* AppDelegate.swift in Sources */,
				29182D4F2AB06D5300D94FE8 /* MeteoLoader.swift in Sources */,
				29A52FF52ACD6105006FD63A /* ChangeRateEndpoint.swift in Sources */,
				29A52FF32ACD5AE5006FD63A /* ChangeRateModel.swift in Sources */,
				292D22882ABC330E002542E0 /* TranslateController.swift in Sources */,
				29A910B52AD6DA1D00CD75FE /* DataSymbols.swift in Sources */,
				292D22822ABAF497002542E0 /* TranslateModel.swift in Sources */,
				29182D4B2AB062BA00D94FE8 /* HTTPClient.swift in Sources */,
				29182D4D2AB06C2B00D94FE8 /* MeteoEndpoint.swift in Sources */,
				29A52FF72ACD653B006FD63A /* ChangeRateController.swift in Sources */,
				2995FA3E2AAB1B180078D598 /* MeteoModel.swift in Sources */,
				29A52FF12ACD5AB5006FD63A /* ChangeRateLoader.swift in Sources */,
				2995FA402AAB1F690078D598 /* APIError.swift in Sources */,
				2995FA282AA763C20078D598 /* SceneDelegate.swift in Sources */,
			);
			runOnlyForDeploymentPostprocessing = 0;
		};
/* End PBXSourcesBuildPhase section */

/* Begin PBXTargetDependency section */
		292D22962ACAB313002542E0 /* PBXTargetDependency */ = {
			isa = PBXTargetDependency;
			target = 2995FA212AA763C20078D598 /* LeBaluchon */;
			targetProxy = 292D22952ACAB313002542E0 /* PBXContainerItemProxy */;
		};
/* End PBXTargetDependency section */

/* Begin PBXVariantGroup section */
		2995FA2B2AA763C20078D598 /* Main.storyboard */ = {
			isa = PBXVariantGroup;
			children = (
				2995FA2C2AA763C20078D598 /* Base */,
			);
			name = Main.storyboard;
			sourceTree = "<group>";
		};
		2995FA302AA763C30078D598 /* LaunchScreen.storyboard */ = {
			isa = PBXVariantGroup;
			children = (
				2995FA312AA763C30078D598 /* Base */,
			);
			name = LaunchScreen.storyboard;
			sourceTree = "<group>";
		};
/* End PBXVariantGroup section */

/* Begin XCBuildConfiguration section */
		292D22982ACAB313002542E0 /* Debug */ = {
			isa = XCBuildConfiguration;
			buildSettings = {
				BUNDLE_LOADER = "$(TEST_HOST)";
				CODE_SIGN_STYLE = Automatic;
				CURRENT_PROJECT_VERSION = 1;
				GENERATE_INFOPLIST_FILE = YES;
				MARKETING_VERSION = 1.0;
				PRODUCT_BUNDLE_IDENTIFIER = Kyllian.LeBaluchonTests;
				PRODUCT_NAME = "$(TARGET_NAME)";
				SWIFT_EMIT_LOC_STRINGS = NO;
				SWIFT_VERSION = 5.0;
				TARGETED_DEVICE_FAMILY = "1,2";
				TEST_HOST = "$(BUILT_PRODUCTS_DIR)/LeBaluchon.app/$(BUNDLE_EXECUTABLE_FOLDER_PATH)/LeBaluchon";
			};
			name = Debug;
		};
		292D22992ACAB313002542E0 /* Release */ = {
			isa = XCBuildConfiguration;
			buildSettings = {
				BUNDLE_LOADER = "$(TEST_HOST)";
				CODE_SIGN_STYLE = Automatic;
				CURRENT_PROJECT_VERSION = 1;
				GENERATE_INFOPLIST_FILE = YES;
				MARKETING_VERSION = 1.0;
				PRODUCT_BUNDLE_IDENTIFIER = Kyllian.LeBaluchonTests;
				PRODUCT_NAME = "$(TARGET_NAME)";
				SWIFT_EMIT_LOC_STRINGS = NO;
				SWIFT_VERSION = 5.0;
				TARGETED_DEVICE_FAMILY = "1,2";
				TEST_HOST = "$(BUILT_PRODUCTS_DIR)/LeBaluchon.app/$(BUNDLE_EXECUTABLE_FOLDER_PATH)/LeBaluchon";
			};
			name = Release;
		};
		2995FA342AA763C30078D598 /* Debug */ = {
			isa = XCBuildConfiguration;
			buildSettings = {
				ALWAYS_SEARCH_USER_PATHS = NO;
				CLANG_ANALYZER_NONNULL = YES;
				CLANG_ANALYZER_NUMBER_OBJECT_CONVERSION = YES_AGGRESSIVE;
				CLANG_CXX_LANGUAGE_STANDARD = "gnu++20";
				CLANG_ENABLE_MODULES = YES;
				CLANG_ENABLE_OBJC_ARC = YES;
				CLANG_ENABLE_OBJC_WEAK = YES;
				CLANG_WARN_BLOCK_CAPTURE_AUTORELEASING = YES;
				CLANG_WARN_BOOL_CONVERSION = YES;
				CLANG_WARN_COMMA = YES;
				CLANG_WARN_CONSTANT_CONVERSION = YES;
				CLANG_WARN_DEPRECATED_OBJC_IMPLEMENTATIONS = YES;
				CLANG_WARN_DIRECT_OBJC_ISA_USAGE = YES_ERROR;
				CLANG_WARN_DOCUMENTATION_COMMENTS = YES;
				CLANG_WARN_EMPTY_BODY = YES;
				CLANG_WARN_ENUM_CONVERSION = YES;
				CLANG_WARN_INFINITE_RECURSION = YES;
				CLANG_WARN_INT_CONVERSION = YES;
				CLANG_WARN_NON_LITERAL_NULL_CONVERSION = YES;
				CLANG_WARN_OBJC_IMPLICIT_RETAIN_SELF = YES;
				CLANG_WARN_OBJC_LITERAL_CONVERSION = YES;
				CLANG_WARN_OBJC_ROOT_CLASS = YES_ERROR;
				CLANG_WARN_QUOTED_INCLUDE_IN_FRAMEWORK_HEADER = YES;
				CLANG_WARN_RANGE_LOOP_ANALYSIS = YES;
				CLANG_WARN_STRICT_PROTOTYPES = YES;
				CLANG_WARN_SUSPICIOUS_MOVE = YES;
				CLANG_WARN_UNGUARDED_AVAILABILITY = YES_AGGRESSIVE;
				CLANG_WARN_UNREACHABLE_CODE = YES;
				CLANG_WARN__DUPLICATE_METHOD_MATCH = YES;
				COPY_PHASE_STRIP = NO;
				DEBUG_INFORMATION_FORMAT = dwarf;
				ENABLE_STRICT_OBJC_MSGSEND = YES;
				ENABLE_TESTABILITY = YES;
				GCC_C_LANGUAGE_STANDARD = gnu11;
				GCC_DYNAMIC_NO_PIC = NO;
				GCC_NO_COMMON_BLOCKS = YES;
				GCC_OPTIMIZATION_LEVEL = 0;
				GCC_PREPROCESSOR_DEFINITIONS = (
					"DEBUG=1",
					"$(inherited)",
				);
				GCC_WARN_64_TO_32_BIT_CONVERSION = YES;
				GCC_WARN_ABOUT_RETURN_TYPE = YES_ERROR;
				GCC_WARN_UNDECLARED_SELECTOR = YES;
				GCC_WARN_UNINITIALIZED_AUTOS = YES_AGGRESSIVE;
				GCC_WARN_UNUSED_FUNCTION = YES;
				GCC_WARN_UNUSED_VARIABLE = YES;
				IPHONEOS_DEPLOYMENT_TARGET = 16.4;
				MTL_ENABLE_DEBUG_INFO = INCLUDE_SOURCE;
				MTL_FAST_MATH = YES;
				ONLY_ACTIVE_ARCH = YES;
				SDKROOT = iphoneos;
				SWIFT_ACTIVE_COMPILATION_CONDITIONS = DEBUG;
				SWIFT_OPTIMIZATION_LEVEL = "-Onone";
			};
			name = Debug;
		};
		2995FA352AA763C30078D598 /* Release */ = {
			isa = XCBuildConfiguration;
			buildSettings = {
				ALWAYS_SEARCH_USER_PATHS = NO;
				CLANG_ANALYZER_NONNULL = YES;
				CLANG_ANALYZER_NUMBER_OBJECT_CONVERSION = YES_AGGRESSIVE;
				CLANG_CXX_LANGUAGE_STANDARD = "gnu++20";
				CLANG_ENABLE_MODULES = YES;
				CLANG_ENABLE_OBJC_ARC = YES;
				CLANG_ENABLE_OBJC_WEAK = YES;
				CLANG_WARN_BLOCK_CAPTURE_AUTORELEASING = YES;
				CLANG_WARN_BOOL_CONVERSION = YES;
				CLANG_WARN_COMMA = YES;
				CLANG_WARN_CONSTANT_CONVERSION = YES;
				CLANG_WARN_DEPRECATED_OBJC_IMPLEMENTATIONS = YES;
				CLANG_WARN_DIRECT_OBJC_ISA_USAGE = YES_ERROR;
				CLANG_WARN_DOCUMENTATION_COMMENTS = YES;
				CLANG_WARN_EMPTY_BODY = YES;
				CLANG_WARN_ENUM_CONVERSION = YES;
				CLANG_WARN_INFINITE_RECURSION = YES;
				CLANG_WARN_INT_CONVERSION = YES;
				CLANG_WARN_NON_LITERAL_NULL_CONVERSION = YES;
				CLANG_WARN_OBJC_IMPLICIT_RETAIN_SELF = YES;
				CLANG_WARN_OBJC_LITERAL_CONVERSION = YES;
				CLANG_WARN_OBJC_ROOT_CLASS = YES_ERROR;
				CLANG_WARN_QUOTED_INCLUDE_IN_FRAMEWORK_HEADER = YES;
				CLANG_WARN_RANGE_LOOP_ANALYSIS = YES;
				CLANG_WARN_STRICT_PROTOTYPES = YES;
				CLANG_WARN_SUSPICIOUS_MOVE = YES;
				CLANG_WARN_UNGUARDED_AVAILABILITY = YES_AGGRESSIVE;
				CLANG_WARN_UNREACHABLE_CODE = YES;
				CLANG_WARN__DUPLICATE_METHOD_MATCH = YES;
				COPY_PHASE_STRIP = NO;
				DEBUG_INFORMATION_FORMAT = "dwarf-with-dsym";
				ENABLE_NS_ASSERTIONS = NO;
				ENABLE_STRICT_OBJC_MSGSEND = YES;
				GCC_C_LANGUAGE_STANDARD = gnu11;
				GCC_NO_COMMON_BLOCKS = YES;
				GCC_WARN_64_TO_32_BIT_CONVERSION = YES;
				GCC_WARN_ABOUT_RETURN_TYPE = YES_ERROR;
				GCC_WARN_UNDECLARED_SELECTOR = YES;
				GCC_WARN_UNINITIALIZED_AUTOS = YES_AGGRESSIVE;
				GCC_WARN_UNUSED_FUNCTION = YES;
				GCC_WARN_UNUSED_VARIABLE = YES;
				IPHONEOS_DEPLOYMENT_TARGET = 16.4;
				MTL_ENABLE_DEBUG_INFO = NO;
				MTL_FAST_MATH = YES;
				SDKROOT = iphoneos;
				SWIFT_COMPILATION_MODE = wholemodule;
				SWIFT_OPTIMIZATION_LEVEL = "-O";
				VALIDATE_PRODUCT = YES;
			};
			name = Release;
		};
		2995FA372AA763C30078D598 /* Debug */ = {
			isa = XCBuildConfiguration;
			buildSettings = {
				ASSETCATALOG_COMPILER_APPICON_NAME = AppIcon;
				ASSETCATALOG_COMPILER_GLOBAL_ACCENT_COLOR_NAME = AccentColor;
				CODE_SIGN_STYLE = Automatic;
				CURRENT_PROJECT_VERSION = 1;
				GENERATE_INFOPLIST_FILE = YES;
				INFOPLIST_FILE = LeBaluchon/Info.plist;
				INFOPLIST_KEY_UIApplicationSupportsIndirectInputEvents = YES;
				INFOPLIST_KEY_UILaunchStoryboardName = LaunchScreen;
				INFOPLIST_KEY_UIMainStoryboardFile = Main;
				INFOPLIST_KEY_UISupportedInterfaceOrientations_iPad = "UIInterfaceOrientationPortrait UIInterfaceOrientationPortraitUpsideDown UIInterfaceOrientationLandscapeLeft UIInterfaceOrientationLandscapeRight";
				INFOPLIST_KEY_UISupportedInterfaceOrientations_iPhone = "UIInterfaceOrientationPortrait UIInterfaceOrientationLandscapeLeft UIInterfaceOrientationLandscapeRight";
				LD_RUNPATH_SEARCH_PATHS = (
					"$(inherited)",
					"@executable_path/Frameworks",
				);
				MARKETING_VERSION = 1.0;
				PRODUCT_BUNDLE_IDENTIFIER = Kyllian.LeBaluchon;
				PRODUCT_NAME = "$(TARGET_NAME)";
				SWIFT_EMIT_LOC_STRINGS = YES;
				SWIFT_VERSION = 5.0;
				TARGETED_DEVICE_FAMILY = "1,2";
			};
			name = Debug;
		};
		2995FA382AA763C30078D598 /* Release */ = {
			isa = XCBuildConfiguration;
			buildSettings = {
				ASSETCATALOG_COMPILER_APPICON_NAME = AppIcon;
				ASSETCATALOG_COMPILER_GLOBAL_ACCENT_COLOR_NAME = AccentColor;
				CODE_SIGN_STYLE = Automatic;
				CURRENT_PROJECT_VERSION = 1;
				GENERATE_INFOPLIST_FILE = YES;
				INFOPLIST_FILE = LeBaluchon/Info.plist;
				INFOPLIST_KEY_UIApplicationSupportsIndirectInputEvents = YES;
				INFOPLIST_KEY_UILaunchStoryboardName = LaunchScreen;
				INFOPLIST_KEY_UIMainStoryboardFile = Main;
				INFOPLIST_KEY_UISupportedInterfaceOrientations_iPad = "UIInterfaceOrientationPortrait UIInterfaceOrientationPortraitUpsideDown UIInterfaceOrientationLandscapeLeft UIInterfaceOrientationLandscapeRight";
				INFOPLIST_KEY_UISupportedInterfaceOrientations_iPhone = "UIInterfaceOrientationPortrait UIInterfaceOrientationLandscapeLeft UIInterfaceOrientationLandscapeRight";
				LD_RUNPATH_SEARCH_PATHS = (
					"$(inherited)",
					"@executable_path/Frameworks",
				);
				MARKETING_VERSION = 1.0;
				PRODUCT_BUNDLE_IDENTIFIER = Kyllian.LeBaluchon;
				PRODUCT_NAME = "$(TARGET_NAME)";
				SWIFT_EMIT_LOC_STRINGS = YES;
				SWIFT_VERSION = 5.0;
				TARGETED_DEVICE_FAMILY = "1,2";
			};
			name = Release;
		};
/* End XCBuildConfiguration section */

/* Begin XCConfigurationList section */
		292D22972ACAB313002542E0 /* Build configuration list for PBXNativeTarget "LeBaluchonTests" */ = {
			isa = XCConfigurationList;
			buildConfigurations = (
				292D22982ACAB313002542E0 /* Debug */,
				292D22992ACAB313002542E0 /* Release */,
			);
			defaultConfigurationIsVisible = 0;
			defaultConfigurationName = Release;
		};
		2995FA1D2AA763C20078D598 /* Build configuration list for PBXProject "LeBaluchon" */ = {
			isa = XCConfigurationList;
			buildConfigurations = (
				2995FA342AA763C30078D598 /* Debug */,
				2995FA352AA763C30078D598 /* Release */,
			);
			defaultConfigurationIsVisible = 0;
			defaultConfigurationName = Release;
		};
		2995FA362AA763C30078D598 /* Build configuration list for PBXNativeTarget "LeBaluchon" */ = {
			isa = XCConfigurationList;
			buildConfigurations = (
				2995FA372AA763C30078D598 /* Debug */,
				2995FA382AA763C30078D598 /* Release */,
			);
			defaultConfigurationIsVisible = 0;
			defaultConfigurationName = Release;
		};
/* End XCConfigurationList section */
	};
	rootObject = 2995FA1A2AA763C20078D598 /* Project object */;
}
